
Microsoft Visual Studio Solution File, Format Version 12.00
# Visual Studio Version 17
VisualStudioVersion = 17.14.36408.4
MinimumVisualStudioVersion = 10.0.40219.1
Project("{FAE04EC0-301F-11D3-BF4B-00C04F79EFBC}") = "ClientGateway", "ClientGateway\ClientGateway.csproj", "{6E16EF6D-D718-4878-8186-BFE996B548E4}"
EndProject
Project("{FAE04EC0-301F-11D3-BF4B-00C04F79EFBC}") = "Customers", "Customers\Customers.csproj", "{8BC2A1A1-932F-4974-98E7-4BCE7C9CB0C9}"
EndProject
Project("{FAE04EC0-301F-11D3-BF4B-00C04F79EFBC}") = "Accounts", "Accounts\Accounts.csproj", "{4BCA4AD9-6557-4D01-945B-C375E361F909}"
EndProject
Project("{FAE04EC0-301F-11D3-BF4B-00C04F79EFBC}") = "Contracts", "Contracts\Contracts.csproj", "{E4F83777-59B9-4992-BE14-79F97AC622B8}"
EndProject
Project("{2150E333-8FDC-42A3-9474-1A3956D46DE8}") = "Elementos de la solución", "Elementos de la solución", "{D107F4C8-89CC-BEA8-D3D7-CA6B7733353D}"
	ProjectSection(SolutionItems) = preProject
		.env = .env
		.env.template = .env.template
		.gitignore = .gitignore
		docker-compose.yml = docker-compose.yml
	EndProjectSection
EndProject
Global
	GlobalSection(SolutionConfigurationPlatforms) = preSolution
		Debug|Any CPU = Debug|Any CPU
		Release|Any CPU = Release|Any CPU
	EndGlobalSection
	GlobalSection(ProjectConfigurationPlatforms) = postSolution
		{6E16EF6D-D718-4878-8186-BFE996B548E4}.Debug|Any CPU.ActiveCfg = Debug|Any CPU
		{6E16EF6D-D718-4878-8186-BFE996B548E4}.Debug|Any CPU.Build.0 = Debug|Any CPU
		{6E16EF6D-D718-4878-8186-BFE996B548E4}.Release|Any CPU.ActiveCfg = Release|Any CPU
		{6E16EF6D-D718-4878-8186-BFE996B548E4}.Release|Any CPU.Build.0 = Release|Any CPU
		{8BC2A1A1-932F-4974-98E7-4BCE7C9CB0C9}.Debug|Any CPU.ActiveCfg = Debug|Any CPU
		{8BC2A1A1-932F-4974-98E7-4BCE7C9CB0C9}.Debug|Any CPU.Build.0 = Debug|Any CPU
		{8BC2A1A1-932F-4974-98E7-4BCE7C9CB0C9}.Release|Any CPU.ActiveCfg = Release|Any CPU
		{8BC2A1A1-932F-4974-98E7-4BCE7C9CB0C9}.Release|Any CPU.Build.0 = Release|Any CPU
		{4BCA4AD9-6557-4D01-945B-C375E361F909}.Debug|Any CPU.ActiveCfg = Debug|Any CPU
		{4BCA4AD9-6557-4D01-945B-C375E361F909}.Debug|Any CPU.Build.0 = Debug|Any CPU
		{4BCA4AD9-6557-4D01-945B-C375E361F909}.Release|Any CPU.ActiveCfg = Release|Any CPU
		{4BCA4AD9-6557-4D01-945B-C375E361F909}.Release|Any CPU.Build.0 = Release|Any CPU
		{E4F83777-59B9-4992-BE14-79F97AC622B8}.Debug|Any CPU.ActiveCfg = Debug|Any CPU
		{E4F83777-59B9-4992-BE14-79F97AC622B8}.Debug|Any CPU.Build.0 = Debug|Any CPU
		{E4F83777-59B9-4992-BE14-79F97AC622B8}.Release|Any CPU.ActiveCfg = Release|Any CPU
		{E4F83777-59B9-4992-BE14-79F97AC622B8}.Release|Any CPU.Build.0 = Release|Any CPU
	EndGlobalSection
	GlobalSection(SolutionProperties) = preSolution
		HideSolutionNode = FALSE
	EndGlobalSection
	GlobalSection(ExtensibilityGlobals) = postSolution
		SolutionGuid = {2966C2AB-99E7-4601-B8E5-5A52C03B91D3}
	EndGlobalSection
EndGlobal
